
Microsoft Visual Studio Solution File, Format Version 12.00
# Visual Studio Version 17
VisualStudioVersion = 17.11.35327.3
MinimumVisualStudioVersion = 10.0.40219.1
Project("{C9674DCB-5085-4A16-B785-4C70DD1589BD}") = "parcial3", "parcial3\parcial3.dtproj", "{3AC91261-21C2-4647-AE74-331C0AEA69FC}"
EndProject
Global
	GlobalSection(SolutionConfigurationPlatforms) = preSolution
		Development|Default = Development|Default
	EndGlobalSection
	GlobalSection(ProjectConfigurationPlatforms) = postSolution
		{3AC91261-21C2-4647-AE74-331C0AEA69FC}.Development|Default.ActiveCfg = Development
		{3AC91261-21C2-4647-AE74-331C0AEA69FC}.Development|Default.Build.0 = Development
	EndGlobalSection
	GlobalSection(SolutionProperties) = preSolution
		HideSolutionNode = FALSE
	EndGlobalSection
	GlobalSection(ExtensibilityGlobals) = postSolution
		SolutionGuid = {A3164A44-56F9-4905-9D51-5B041A717978}
	EndGlobalSection
EndGlobal
